# This file was autogenerated by Stack.
# You should not edit this file by hand.
# For more information, please see the documentation at:
#   https://docs.haskellstack.org/en/stable/lock_files

packages:
- completed:
    hackage: cabal-install-parsers-0.6.1.1@sha256:2a7541f7acb119be698167e3c339f799d11620bf582ea9f12ca7c8f0e869e446,4026
    pantry-tree:
      sha256: 84d1c9190c1b5435fdc2f71e07c4a5bb6a6fc226819b5390523de7d62e0dd2d9
      size: 1148
  original:
    hackage: cabal-install-parsers-0.6.1.1
- completed:
    hackage: relation-0.5.2.0@sha256:e52a19cc931a2ed7a8c7abba7c4739ab2046a1e70819ddf123d090b99dd5c9a9,3714
    pantry-tree:
      sha256: 416818b8b2587a9a772591377f45b14b7eb47a65528f4f33cfa4450372402dfc
      size: 713
  original:
    hackage: relation-0.5.2.0
snapshots:
- completed:
    sha256: b146f371d1a90abbd2aeae1da10f776951046be50eae55a6fe93548a74fcc0dd
    size: 713338
    url: https://raw.githubusercontent.com/commercialhaskell/stackage-snapshots/master/lts/22/21.yaml
  original: lts-22.21
